<?xml version="1.0" encoding="utf-8"?>
<Project ToolsVersion="4.0" xmlns="http://schemas.microsoft.com/developer/msbuild/2003">
  <ItemGroup>
    <Filter Include="Source Files">
      <UniqueIdentifier>{4FC737F1-C7A5-4376-A066-2A32D752A2FF}</UniqueIdentifier>
      <Extensions>cpp;c;cc;cxx;def;odl;idl;hpj;bat;asm;asmx</Extensions>
    </Filter>
    <Filter Include="Header Files">
      <UniqueIdentifier>{93995380-89BD-4b04-88EB-625FBE52EBFB}</UniqueIdentifier>
      <Extensions>h;hpp;hxx;hm;inl;inc;xsd</Extensions>
    </Filter>
    <Filter Include="Resource Files">
      <UniqueIdentifier>{67DA6AB6-F800-4c08-8B7A-83BB121AAD01}</UniqueIdentifier>
      <Extensions>rc;ico;cur;bmp;dlg;rc2;rct;bin;rgs;gif;jpg;jpeg;jpe;resx;tiff;tif;png;wav;mfcribbon-ms</Extensions>
    </Filter>
    <Filter Include="IDL">
      <UniqueIdentifier>{a4f4b442-0789-48b5-8d84-33ba235703d4}</UniqueIdentifier>
    </Filter>
  </ItemGroup>
  <ItemGroup>
    <None Include="ReadMe.txt" />
  </ItemGroup>
  <ItemGroup>
    <ClInclude Include="inc\targetver.h">
      <Filter>Header Files</Filter>
    </ClInclude>
    <ClInclude Include="inc\ClrProcess.h">
      <Filter>Header Files</Filter>
    </ClInclude>
    <ClInclude Include="stdafx.h">
      <Filter>Header Files</Filter>
    </ClInclude>
    <ClInclude Include="inc\ClrObject.h">
      <Filter>Header Files</Filter>
    </ClInclude>
    <ClInclude Include="inc\ClrObjectArray.h">
      <Filter>Header Files</Filter>
    </ClInclude>
    <ClInclude Include="inc\SDbgCoreApi.h">
      <Filter>Header Files</Filter>
    </ClInclude>
    <ClInclude Include="inc\IEnumAdaptor.h">
      <Filter>Header Files</Filter>
    </ClInclude>
  </ItemGroup>
  <ItemGroup>
    <ClCompile Include="stdafx.cpp">
      <Filter>Source Files</Filter>
    </ClCompile>
    <ClCompile Include="src\ClrProcess.cpp">
      <Filter>Source Files</Filter>
    </ClCompile>
    <ClCompile Include="src\ClrProcess_Threading.cpp">
      <Filter>Source Files</Filter>
    </ClCompile>
    <ClCompile Include="src\ClrProcess_Heap.cpp">
      <Filter>Source Files</Filter>
    </ClCompile>
    <ClCompile Include="src\ClrProcess_Fields.cpp">
      <Filter>Source Files</Filter>
    </ClCompile>
    <ClCompile Include="src\ClrProcess_Reflection.cpp">
      <Filter>Source Files</Filter>
    </ClCompile>
  </ItemGroup>
  <ItemGroup>
    <Midl Include="idl\CoreApi.idl">
      <Filter>IDL</Filter>
    </Midl>
    <Midl Include="idl\_ClrTypes.idl">
      <Filter>IDL</Filter>
    </Midl>
    <Midl Include="idl\_IClrObject.idl">
      <Filter>IDL</Filter>
    </Midl>
    <Midl Include="idl\_IXCLRDataProcess3.idl">
      <Filter>IDL</Filter>
    </Midl>
    <Midl Include="idl\_ISDbgExt.idl">
      <Filter>IDL</Filter>
    </Midl>
    <Midl Include="idl\_IClrProcess.idl">
      <Filter>IDL</Filter>
    </Midl>
  </ItemGroup>
</Project>