
Microsoft Visual Studio Solution File, Format Version 11.00
# Visual Studio 2010
Project("{8BC9CEB8-8B4A-11D0-8D11-00A0C91BC942}") = "SDbgExt2", "SDbgExt2\SDbgExt2.vcxproj", "{35663062-4DEC-49F9-BF5F-3C3E34828010}"
EndProject
Global
	GlobalSection(SolutionConfigurationPlatforms) = preSolution
		Debug|Win32 = Debug|Win32
		Release|Win32 = Release|Win32
	EndGlobalSection
	GlobalSection(ProjectConfigurationPlatforms) = postSolution
		{35663062-4DEC-49F9-BF5F-3C3E34828010}.Debug|Win32.ActiveCfg = Debug|Win32
		{35663062-4DEC-49F9-BF5F-3C3E34828010}.Debug|Win32.Build.0 = Debug|Win32
		{35663062-4DEC-49F9-BF5F-3C3E34828010}.Release|Win32.ActiveCfg = Release|Win32
		{35663062-4DEC-49F9-BF5F-3C3E34828010}.Release|Win32.Build.0 = Release|Win32
	EndGlobalSection
	GlobalSection(SolutionProperties) = preSolution
		HideSolutionNode = FALSE
	EndGlobalSection
EndGlobal
