
Microsoft Visual Studio Solution File, Format Version 12.00
# Visual Studio 2012
Project("{8BC9CEB8-8B4A-11D0-8D11-00A0C91BC942}") = "SDbgCore", "SDbgCore\SDbgCore.vcxproj", "{35663062-4DEC-49F9-BF5F-3C3E34828010}"
EndProject
Project("{8BC9CEB8-8B4A-11D0-8D11-00A0C91BC942}") = "SDbgExt2Tests2", "SDbgExt2Tests\SDbgExt2Tests2.vcxproj", "{648A7B22-65ED-4418-8735-458C70576D59}"
EndProject
Project("{8BC9CEB8-8B4A-11D0-8D11-00A0C91BC942}") = "SDbgExt", "SDbgExt\SDbgExt.vcxproj", "{5F22CF78-8740-4419-B863-4628DCCFF1D2}"
EndProject
Project("{FAE04EC0-301F-11D3-BF4B-00C04F79EFBC}") = "SDbgMTests", "SDbgMTests\SDbgMTests.csproj", "{C4B3F342-3734-4DE2-BC4F-2EF80CED3683}"
EndProject
Project("{FAE04EC0-301F-11D3-BF4B-00C04F79EFBC}") = "SDbgM", "SDbgM\SDbgM.csproj", "{74DAB335-8C02-4D48-BEF0-BA0A133ACEF7}"
EndProject
Global
	GlobalSection(SolutionConfigurationPlatforms) = preSolution
		Debug|Win32 = Debug|Win32
		Debug|x64 = Debug|x64
		Release|Win32 = Release|Win32
		Release|x64 = Release|x64
	EndGlobalSection
	GlobalSection(ProjectConfigurationPlatforms) = postSolution
		{35663062-4DEC-49F9-BF5F-3C3E34828010}.Debug|Win32.ActiveCfg = Debug|Win32
		{35663062-4DEC-49F9-BF5F-3C3E34828010}.Debug|Win32.Build.0 = Debug|Win32
		{35663062-4DEC-49F9-BF5F-3C3E34828010}.Debug|x64.ActiveCfg = Debug|x64
		{35663062-4DEC-49F9-BF5F-3C3E34828010}.Debug|x64.Build.0 = Debug|x64
		{35663062-4DEC-49F9-BF5F-3C3E34828010}.Release|Win32.ActiveCfg = Release|Win32
		{35663062-4DEC-49F9-BF5F-3C3E34828010}.Release|Win32.Build.0 = Release|Win32
		{35663062-4DEC-49F9-BF5F-3C3E34828010}.Release|x64.ActiveCfg = Release|x64
		{35663062-4DEC-49F9-BF5F-3C3E34828010}.Release|x64.Build.0 = Release|x64
		{648A7B22-65ED-4418-8735-458C70576D59}.Debug|Win32.ActiveCfg = Debug|Win32
		{648A7B22-65ED-4418-8735-458C70576D59}.Debug|Win32.Build.0 = Debug|Win32
		{648A7B22-65ED-4418-8735-458C70576D59}.Debug|x64.ActiveCfg = Debug|x64
		{648A7B22-65ED-4418-8735-458C70576D59}.Debug|x64.Build.0 = Debug|x64
		{648A7B22-65ED-4418-8735-458C70576D59}.Release|Win32.ActiveCfg = Release|Win32
		{648A7B22-65ED-4418-8735-458C70576D59}.Release|Win32.Build.0 = Release|Win32
		{648A7B22-65ED-4418-8735-458C70576D59}.Release|x64.ActiveCfg = Release|x64
		{648A7B22-65ED-4418-8735-458C70576D59}.Release|x64.Build.0 = Release|x64
		{5F22CF78-8740-4419-B863-4628DCCFF1D2}.Debug|Win32.ActiveCfg = Debug|Win32
		{5F22CF78-8740-4419-B863-4628DCCFF1D2}.Debug|Win32.Build.0 = Debug|Win32
		{5F22CF78-8740-4419-B863-4628DCCFF1D2}.Debug|x64.ActiveCfg = Debug|x64
		{5F22CF78-8740-4419-B863-4628DCCFF1D2}.Debug|x64.Build.0 = Debug|x64
		{5F22CF78-8740-4419-B863-4628DCCFF1D2}.Release|Win32.ActiveCfg = Release|Win32
		{5F22CF78-8740-4419-B863-4628DCCFF1D2}.Release|Win32.Build.0 = Release|Win32
		{5F22CF78-8740-4419-B863-4628DCCFF1D2}.Release|x64.ActiveCfg = Release|Win32
		{C4B3F342-3734-4DE2-BC4F-2EF80CED3683}.Debug|Win32.ActiveCfg = Debug|x86
		{C4B3F342-3734-4DE2-BC4F-2EF80CED3683}.Debug|Win32.Build.0 = Debug|x86
		{C4B3F342-3734-4DE2-BC4F-2EF80CED3683}.Debug|x64.ActiveCfg = Debug|x64
		{C4B3F342-3734-4DE2-BC4F-2EF80CED3683}.Debug|x64.Build.0 = Debug|x64
		{C4B3F342-3734-4DE2-BC4F-2EF80CED3683}.Release|Win32.ActiveCfg = Release|x86
		{C4B3F342-3734-4DE2-BC4F-2EF80CED3683}.Release|Win32.Build.0 = Release|x86
		{C4B3F342-3734-4DE2-BC4F-2EF80CED3683}.Release|x64.ActiveCfg = Release|x86
		{74DAB335-8C02-4D48-BEF0-BA0A133ACEF7}.Debug|Win32.ActiveCfg = Debug|Any CPU
		{74DAB335-8C02-4D48-BEF0-BA0A133ACEF7}.Debug|Win32.Build.0 = Debug|Any CPU
		{74DAB335-8C02-4D48-BEF0-BA0A133ACEF7}.Debug|x64.ActiveCfg = Debug|Any CPU
		{74DAB335-8C02-4D48-BEF0-BA0A133ACEF7}.Debug|x64.Build.0 = Debug|Any CPU
		{74DAB335-8C02-4D48-BEF0-BA0A133ACEF7}.Release|Win32.ActiveCfg = Release|Any CPU
		{74DAB335-8C02-4D48-BEF0-BA0A133ACEF7}.Release|x64.ActiveCfg = Release|Any CPU
	EndGlobalSection
	GlobalSection(SolutionProperties) = preSolution
		HideSolutionNode = FALSE
	EndGlobalSection
EndGlobal
