<?xml version="1.0" encoding="utf-8"?>
<Project ToolsVersion="4.0" xmlns="http://schemas.microsoft.com/developer/msbuild/2003">
  <ItemGroup>
    <Filter Include="Source Files">
      <UniqueIdentifier>{4FC737F1-C7A5-4376-A066-2A32D752A2FF}</UniqueIdentifier>
      <Extensions>cpp;c;cc;cxx;def;odl;idl;hpj;bat;asm;asmx</Extensions>
    </Filter>
    <Filter Include="Header Files">
      <UniqueIdentifier>{93995380-89BD-4b04-88EB-625FBE52EBFB}</UniqueIdentifier>
      <Extensions>h;hpp;hxx;hm;inl;inc;xsd</Extensions>
    </Filter>
    <Filter Include="Resource Files">
      <UniqueIdentifier>{67DA6AB6-F800-4c08-8B7A-83BB121AAD01}</UniqueIdentifier>
      <Extensions>rc;ico;cur;bmp;dlg;rc2;rct;bin;rgs;gif;jpg;jpeg;jpe;resx;tiff;tif;png;wav;mfcribbon-ms</Extensions>
    </Filter>
    <Filter Include="Source Files\WinDbg">
      <UniqueIdentifier>{6c1ec6ea-8cb3-4290-a3e3-7e364aa87f77}</UniqueIdentifier>
    </Filter>
  </ItemGroup>
  <ItemGroup>
    <Text Include="ReadMe.txt" />
  </ItemGroup>
  <ItemGroup>
    <ClInclude Include="stdafx.h">
      <Filter>Header Files</Filter>
    </ClInclude>
    <ClInclude Include="targetver.h">
      <Filter>Header Files</Filter>
    </ClInclude>
    <ClInclude Include="SDbgExt.h">
      <Filter>Header Files</Filter>
    </ClInclude>
    <ClInclude Include="ISDbgExt.h">
      <Filter>Header Files</Filter>
    </ClInclude>
    <ClInclude Include="DbgEngCLRDataTarget.h">
      <Filter>Header Files</Filter>
    </ClInclude>
    <ClInclude Include="DbgEngMemoryAccess.h">
      <Filter>Header Files</Filter>
    </ClInclude>
    <ClInclude Include="DictionaryEnumerator.h">
      <Filter>Header Files</Filter>
    </ClInclude>
    <ClInclude Include="ThreadPoolEnumerator.h">
      <Filter>Header Files</Filter>
    </ClInclude>
    <ClInclude Include="SDbgExtApi.h">
      <Filter>Header Files</Filter>
    </ClInclude>
    <ClInclude Include="WinDbgExt.h">
      <Filter>Header Files</Filter>
    </ClInclude>
    <ClInclude Include="SR.h">
      <Filter>Header Files</Filter>
    </ClInclude>
  </ItemGroup>
  <ItemGroup>
    <ClCompile Include="stdafx.cpp">
      <Filter>Source Files</Filter>
    </ClCompile>
    <ClCompile Include="SDbgExt.cpp">
      <Filter>Source Files</Filter>
    </ClCompile>
    <ClCompile Include="dllmain.cpp">
      <Filter>Source Files</Filter>
    </ClCompile>
    <ClCompile Include="DbgEngCLRDataTarget.cpp">
      <Filter>Source Files</Filter>
    </ClCompile>
    <ClCompile Include="DictionaryEnumerator.cpp">
      <Filter>Source Files</Filter>
    </ClCompile>
    <ClCompile Include="SDbgExt_DumpThreadPool.cpp">
      <Filter>Source Files</Filter>
    </ClCompile>
    <ClCompile Include="SDbgExt_EnumerateHashtable.cpp">
      <Filter>Source Files</Filter>
    </ClCompile>
    <ClCompile Include="SDbgExt_EvaluateExpression.cpp">
      <Filter>Source Files</Filter>
    </ClCompile>
    <ClCompile Include="WinDbgExt.cpp">
      <Filter>Source Files\WinDbg</Filter>
    </ClCompile>
    <ClCompile Include="GetDelegateMethod.cpp">
      <Filter>Source Files\WinDbg</Filter>
    </ClCompile>
  </ItemGroup>
</Project>